// !$*UTF8*$!
{
	archiveVersion = 1;
	classes = {
	};
	objectVersion = 50;
	objects = {

/* Begin PBXBuildFile section */
		609BA7F224B4B4E3008A5059 /* AppDelegate.swift in Sources */ = {isa = PBXBuildFile; fileRef = 609BA7F124B4B4E3008A5059 /* AppDelegate.swift */; };
		609BA7F424B4B4E3008A5059 /* SceneDelegate.swift in Sources */ = {isa = PBXBuildFile; fileRef = 609BA7F324B4B4E3008A5059 /* SceneDelegate.swift */; };
		609BA7F624B4B4E3008A5059 /* ViewController.swift in Sources */ = {isa = PBXBuildFile; fileRef = 609BA7F524B4B4E3008A5059 /* ViewController.swift */; };
		609BA7F924B4B4E3008A5059 /* Main.storyboard in Resources */ = {isa = PBXBuildFile; fileRef = 609BA7F724B4B4E3008A5059 /* Main.storyboard */; };
		609BA7FB24B4B4EA008A5059 /* Assets.xcassets in Resources */ = {isa = PBXBuildFile; fileRef = 609BA7FA24B4B4EA008A5059 /* Assets.xcassets */; };
		609BA7FE24B4B4EA008A5059 /* LaunchScreen.storyboard in Resources */ = {isa = PBXBuildFile; fileRef = 609BA7FC24B4B4EA008A5059 /* LaunchScreen.storyboard */; };
/* End PBXBuildFile section */

/* Begin PBXFileReference section */
		609BA7EE24B4B4E3008A5059 /* Air Pollution.app */ = {isa = PBXFileReference; explicitFileType = wrapper.application; includeInIndex = 0; path = "Air Pollution.app"; sourceTree = BUILT_PRODUCTS_DIR; };
		609BA7F124B4B4E3008A5059 /* AppDelegate.swift */ = {isa = PBXFileReference; lastKnownFileType = sourcecode.swift; path = AppDelegate.swift; sourceTree = "<group>"; };
		609BA7F324B4B4E3008A5059 /* SceneDelegate.swift */ = {isa = PBXFileReference; lastKnownFileType = sourcecode.swift; path = SceneDelegate.swift; sourceTree = "<group>"; };
		609BA7F524B4B4E3008A5059 /* ViewController.swift */ = {isa = PBXFileReference; lastKnownFileType = sourcecode.swift; path = ViewController.swift; sourceTree = "<group>"; };
		609BA7F824B4B4E3008A5059 /* Base */ = {isa = PBXFileReference; lastKnownFileType = file.storyboard; name = Base; path = Base.lproj/Main.storyboard; sourceTree = "<group>"; };
		609BA7FA24B4B4EA008A5059 /* Assets.xcassets */ = {isa = PBXFileReference; lastKnownFileType = folder.assetcatalog; path = Assets.xcassets; sourceTree = "<group>"; };
		609BA7FD24B4B4EA008A5059 /* Base */ = {isa = PBXFileReference; lastKnownFileType = file.storyboard; name = Base; path = Base.lproj/LaunchScreen.storyboard; sourceTree = "<group>"; };
		609BA7FF24B4B4EA008A5059 /* Info.plist */ = {isa = PBXFileReference; lastKnownFileType = text.plist.xml; path = Info.plist; sourceTree = "<group>"; };
/* End PBXFileReference section */

/* Begin PBXFrameworksBuildPhase section */
		609BA7EB24B4B4E3008A5059 /* Frameworks */ = {
			isa = PBXFrameworksBuildPhase;
			buildActionMask = 2147483647;
			files = (
			);
			runOnlyForDeploymentPostprocessing = 0;
		};
/* End PBXFrameworksBuildPhase section */

/* Begin PBXGroup section */
		609BA7E524B4B4E3008A5059 = {
			isa = PBXGroup;
			children = (
				609BA7F024B4B4E3008A5059 /* Air Pollution */,
				609BA7EF24B4B4E3008A5059 /* Products */,
			);
			sourceTree = "<group>";
		};
		609BA7EF24B4B4E3008A5059 /* Products */ = {
			isa = PBXGroup;
			children = (
				609BA7EE24B4B4E3008A5059 /* Air Pollution.app */,
			);
			name = Products;
			sourceTree = "<group>";
		};
		609BA7F024B4B4E3008A5059 /* Air Pollution */ = {
			isa = PBXGroup;
			children = (
				609BA7F124B4B4E3008A5059 /* AppDelegate.swift */,
				609BA7F324B4B4E3008A5059 /* SceneDelegate.swift */,
				609BA7F524B4B4E3008A5059 /* ViewController.swift */,
				609BA7F724B4B4E3008A5059 /* Main.storyboard */,
				609BA7FA24B4B4EA008A5059 /* Assets.xcassets */,
				609BA7FC24B4B4EA008A5059 /* LaunchScreen.storyboard */,
				609BA7FF24B4B4EA008A5059 /* Info.plist */,
			);
			path = "Air Pollution";
			sourceTree = "<group>";
		};
/* End PBXGroup section */

/* Begin PBXNativeTarget section */
		609BA7ED24B4B4E3008A5059 /* Air Pollution */ = {
			isa = PBXNativeTarget;
			buildConfigurationList = 609BA80224B4B4EA008A5059 /* Build configuration list for PBXNativeTarget "Air Pollution" */;
			buildPhases = (
				609BA7EA24B4B4E3008A5059 /* Sources */,
				609BA7EB24B4B4E3008A5059 /* Frameworks */,
				609BA7EC24B4B4E3008A5059 /* Resources */,
			);
			buildRules = (
			);
			dependencies = (
			);
			name = "Air Pollution";
			productName = "Air Pollution";
			productReference = 609BA7EE24B4B4E3008A5059 /* Air Pollution.app */;
			productType = "com.apple.product-type.application";
		};
/* End PBXNativeTarget section */

/* Begin PBXProject section */
		609BA7E624B4B4E3008A5059 /* Project object */ = {
			isa = PBXProject;
			attributes = {
				LastSwiftUpdateCheck = 1150;
				LastUpgradeCheck = 1150;
				ORGANIZATIONNAME = "Ray Wan";
				TargetAttributes = {
					609BA7ED24B4B4E3008A5059 = {
						CreatedOnToolsVersion = 11.5;
					};
				};
			};
			buildConfigurationList = 609BA7E924B4B4E3008A5059 /* Build configuration list for PBXProject "Air Pollution" */;
			compatibilityVersion = "Xcode 9.3";
			developmentRegion = en;
			hasScannedForEncodings = 0;
			knownRegions = (
				en,
				Base,
			);
			mainGroup = 609BA7E524B4B4E3008A5059;
			productRefGroup = 609BA7EF24B4B4E3008A5059 /* Products */;
			projectDirPath = "";
			projectRoot = "";
			targets = (
				609BA7ED24B4B4E3008A5059 /* Air Pollution */,
			);
		};
/* End PBXProject section */

/* Begin PBXResourcesBuildPhase section */
		609BA7EC24B4B4E3008A5059 /* Resources */ = {
			isa = PBXResourcesBuildPhase;
			buildActionMask = 2147483647;
			files = (
				609BA7FE24B4B4EA008A5059 /* LaunchScreen.storyboard in Resources */,
				609BA7FB24B4B4EA008A5059 /* Assets.xcassets in Resources */,
				609BA7F924B4B4E3008A5059 /* Main.storyboard in Resources */,
			);
			runOnlyForDeploymentPostprocessing = 0;
		};
/* End PBXResourcesBuildPhase section */

/* Begin PBXSourcesBuildPhase section */
		609BA7EA24B4B4E3008A5059 /* Sources */ = {
			isa = PBXSourcesBuildPhase;
			buildActionMask = 2147483647;
			files = (
				609BA7F624B4B4E3008A5059 /* ViewController.swift in Sources */,
				609BA7F224B4B4E3008A5059 /* AppDelegate.swift in Sources */,
				609BA7F424B4B4E3008A5059 /* SceneDelegate.swift in Sources */,
			);
			runOnlyForDeploymentPostprocessing = 0;
		};
/* End PBXSourcesBuildPhase section */

/* Begin PBXVariantGroup section */
		609BA7F724B4B4E3008A5059 /* Main.storyboard */ = {
			isa = PBXVariantGroup;
			children = (
				609BA7F824B4B4E3008A5059 /* Base */,
			);
			name = Main.storyboard;
			sourceTree = "<group>";
		};
		609BA7FC24B4B4EA008A5059 /* LaunchScreen.storyboard */ = {
			isa = PBXVariantGroup;
			children = (
				609BA7FD24B4B4EA008A5059 /* Base */,
			);
			name = LaunchScreen.storyboard;
			sourceTree = "<group>";
		};
/* End PBXVariantGroup section */

/* Begin XCBuildConfiguration section */
		609BA80024B4B4EA008A5059 /* Debug */ = {
			isa = XCBuildConfiguration;
			buildSettings = {
				ALWAYS_SEARCH_USER_PATHS = NO;
				CLANG_ANALYZER_NONNULL = YES;
				CLANG_ANALYZER_NUMBER_OBJECT_CONVERSION = YES_AGGRESSIVE;
				CLANG_CXX_LANGUAGE_STANDARD = "gnu++14";
				CLANG_CXX_LIBRARY = "libc++";
				CLANG_ENABLE_MODULES = YES;
				CLANG_ENABLE_OBJC_ARC = YES;
				CLANG_ENABLE_OBJC_WEAK = YES;
				CLANG_WARN_BLOCK_CAPTURE_AUTORELEASING = YES;
				CLANG_WARN_BOOL_CONVERSION = YES;
				CLANG_WARN_COMMA = YES;
				CLANG_WARN_CONSTANT_CONVERSION = YES;
				CLANG_WARN_DEPRECATED_OBJC_IMPLEMENTATIONS = YES;
				CLANG_WARN_DIRECT_OBJC_ISA_USAGE = YES_ERROR;
				CLANG_WARN_DOCUMENTATION_COMMENTS = YES;
				CLANG_WARN_EMPTY_BODY = YES;
				CLANG_WARN_ENUM_CONVERSION = YES;
				CLANG_WARN_INFINITE_RECURSION = YES;
				CLANG_WARN_INT_CONVERSION = YES;
				CLANG_WARN_NON_LITERAL_NULL_CONVERSION = YES;
				CLANG_WARN_OBJC_IMPLICIT_RETAIN_SELF = YES;
				CLANG_WARN_OBJC_LITERAL_CONVERSION = YES;
				CLANG_WARN_OBJC_ROOT_CLASS = YES_ERROR;
				CLANG_WARN_RANGE_LOOP_ANALYSIS = YES;
				CLANG_WARN_STRICT_PROTOTYPES = YES;
				CLANG_WARN_SUSPICIOUS_MOVE = YES;
				CLANG_WARN_UNGUARDED_AVAILABILITY = YES_AGGRESSIVE;
				CLANG_WARN_UNREACHABLE_CODE = YES;
				CLANG_WARN__DUPLICATE_METHOD_MATCH = YES;
				COPY_PHASE_STRIP = NO;
				DEBUG_INFORMATION_FORMAT = dwarf;
				ENABLE_STRICT_OBJC_MSGSEND = YES;
				ENABLE_TESTABILITY = YES;
				GCC_C_LANGUAGE_STANDARD = gnu11;
				GCC_DYNAMIC_NO_PIC = NO;
				GCC_NO_COMMON_BLOCKS = YES;
				GCC_OPTIMIZATION_LEVEL = 0;
				GCC_PREPROCESSOR_DEFINITIONS = (
					"DEBUG=1",
					"$(inherited)",
				);
				GCC_WARN_64_TO_32_BIT_CONVERSION = YES;
				GCC_WARN_ABOUT_RETURN_TYPE = YES_ERROR;
				GCC_WARN_UNDECLARED_SELECTOR = YES;
				GCC_WARN_UNINITIALIZED_AUTOS = YES_AGGRESSIVE;
				GCC_WARN_UNUSED_FUNCTION = YES;
				GCC_WARN_UNUSED_VARIABLE = YES;
				IPHONEOS_DEPLOYMENT_TARGET = 13.5;
				MTL_ENABLE_DEBUG_INFO = INCLUDE_SOURCE;
				MTL_FAST_MATH = YES;
				ONLY_ACTIVE_ARCH = YES;
				SDKROOT = iphoneos;
				SWIFT_ACTIVE_COMPILATION_CONDITIONS = DEBUG;
				SWIFT_OPTIMIZATION_LEVEL = "-Onone";
			};
			name = Debug;
		};
		609BA80124B4B4EA008A5059 /* Release */ = {
			isa = XCBuildConfiguration;
			buildSettings = {
				ALWAYS_SEARCH_USER_PATHS = NO;
				CLANG_ANALYZER_NONNULL = YES;
				CLANG_ANALYZER_NUMBER_OBJECT_CONVERSION = YES_AGGRESSIVE;
				CLANG_CXX_LANGUAGE_STANDARD = "gnu++14";
				CLANG_CXX_LIBRARY = "libc++";
				CLANG_ENABLE_MODULES = YES;
				CLANG_ENABLE_OBJC_ARC = YES;
				CLANG_ENABLE_OBJC_WEAK = YES;
				CLANG_WARN_BLOCK_CAPTURE_AUTORELEASING = YES;
				CLANG_WARN_BOOL_CONVERSION = YES;
				CLANG_WARN_COMMA = YES;
				CLANG_WARN_CONSTANT_CONVERSION = YES;
				CLANG_WARN_DEPRECATED_OBJC_IMPLEMENTATIONS = YES;
				CLANG_WARN_DIRECT_OBJC_ISA_USAGE = YES_ERROR;
				CLANG_WARN_DOCUMENTATION_COMMENTS = YES;
				CLANG_WARN_EMPTY_BODY = YES;
				CLANG_WARN_ENUM_CONVERSION = YES;
				CLANG_WARN_INFINITE_RECURSION = YES;
				CLANG_WARN_INT_CONVERSION = YES;
				CLANG_WARN_NON_LITERAL_NULL_CONVERSION = YES;
				CLANG_WARN_OBJC_IMPLICIT_RETAIN_SELF = YES;
				CLANG_WARN_OBJC_LITERAL_CONVERSION = YES;
				CLANG_WARN_OBJC_ROOT_CLASS = YES_ERROR;
				CLANG_WARN_RANGE_LOOP_ANALYSIS = YES;
				CLANG_WARN_STRICT_PROTOTYPES = YES;
				CLANG_WARN_SUSPICIOUS_MOVE = YES;
				CLANG_WARN_UNGUARDED_AVAILABILITY = YES_AGGRESSIVE;
				CLANG_WARN_UNREACHABLE_CODE = YES;
				CLANG_WARN__DUPLICATE_METHOD_MATCH = YES;
				COPY_PHASE_STRIP = NO;
				DEBUG_INFORMATION_FORMAT = "dwarf-with-dsym";
				ENABLE_NS_ASSERTIONS = NO;
				ENABLE_STRICT_OBJC_MSGSEND = YES;
				GCC_C_LANGUAGE_STANDARD = gnu11;
				GCC_NO_COMMON_BLOCKS = YES;
				GCC_WARN_64_TO_32_BIT_CONVERSION = YES;
				GCC_WARN_ABOUT_RETURN_TYPE = YES_ERROR;
				GCC_WARN_UNDECLARED_SELECTOR = YES;
				GCC_WARN_UNINITIALIZED_AUTOS = YES_AGGRESSIVE;
				GCC_WARN_UNUSED_FUNCTION = YES;
				GCC_WARN_UNUSED_VARIABLE = YES;
				IPHONEOS_DEPLOYMENT_TARGET = 13.5;
				MTL_ENABLE_DEBUG_INFO = NO;
				MTL_FAST_MATH = YES;
				SDKROOT = iphoneos;
				SWIFT_COMPILATION_MODE = wholemodule;
				SWIFT_OPTIMIZATION_LEVEL = "-O";
				VALIDATE_PRODUCT = YES;
			};
			name = Release;
		};
		609BA80324B4B4EA008A5059 /* Debug */ = {
			isa = XCBuildConfiguration;
			buildSettings = {
				ASSETCATALOG_COMPILER_APPICON_NAME = AppIcon;
				CODE_SIGN_STYLE = Automatic;
				DEVELOPMENT_TEAM = TEH366VWV7;
				INFOPLIST_FILE = "Air Pollution/Info.plist";
				LD_RUNPATH_SEARCH_PATHS = (
					"$(inherited)",
					"@executable_path/Frameworks",
				);
				PRODUCT_BUNDLE_IDENTIFIER = "com.RayWan.Air-Pollution";
				PRODUCT_NAME = "$(TARGET_NAME)";
				SWIFT_VERSION = 5.0;
				TARGETED_DEVICE_FAMILY = "1,2";
			};
			name = Debug;
		};
		609BA80424B4B4EA008A5059 /* Release */ = {
			isa = XCBuildConfiguration;
			buildSettings = {
				ASSETCATALOG_COMPILER_APPICON_NAME = AppIcon;
				CODE_SIGN_STYLE = Automatic;
				DEVELOPMENT_TEAM = TEH366VWV7;
				INFOPLIST_FILE = "Air Pollution/Info.plist";
				LD_RUNPATH_SEARCH_PATHS = (
					"$(inherited)",
					"@executable_path/Frameworks",
				);
				PRODUCT_BUNDLE_IDENTIFIER = "com.RayWan.Air-Pollution";
				PRODUCT_NAME = "$(TARGET_NAME)";
				SWIFT_VERSION = 5.0;
				TARGETED_DEVICE_FAMILY = "1,2";
			};
			name = Release;
		};
/* End XCBuildConfiguration section */

/* Begin XCConfigurationList section */
		609BA7E924B4B4E3008A5059 /* Build configuration list for PBXProject "Air Pollution" */ = {
			isa = XCConfigurationList;
			buildConfigurations = (
				609BA80024B4B4EA008A5059 /* Debug */,
				609BA80124B4B4EA008A5059 /* Release */,
			);
			defaultConfigurationIsVisible = 0;
			defaultConfigurationName = Release;
		};
		609BA80224B4B4EA008A5059 /* Build configuration list for PBXNativeTarget "Air Pollution" */ = {
			isa = XCConfigurationList;
			buildConfigurations = (
				609BA80324B4B4EA008A5059 /* Debug */,
				609BA80424B4B4EA008A5059 /* Release */,
			);
			defaultConfigurationIsVisible = 0;
			defaultConfigurationName = Release;
		};
/* End XCConfigurationList section */
	};
	rootObject = 609BA7E624B4B4E3008A5059 /* Project object */;
}
